
Microsoft Visual Studio Solution File, Format Version 12.00
# Visual Studio Version 17
VisualStudioVersion = 17.5.002.0
MinimumVisualStudioVersion = 10.0.40219.1
Project("{9A19103F-16F7-4668-BE54-9A1E7A4F7556}") = "SurfsUp", "SurfsUp.csproj", "{BB8D14D2-B77F-4B3D-88E5-B42C647F0948}"
EndProject
Global
	GlobalSection(SolutionConfigurationPlatforms) = preSolution
		Debug|Any CPU = Debug|Any CPU
		Release|Any CPU = Release|Any CPU
	EndGlobalSection
	GlobalSection(ProjectConfigurationPlatforms) = postSolution
		{BB8D14D2-B77F-4B3D-88E5-B42C647F0948}.Debug|Any CPU.ActiveCfg = Debug|Any CPU
		{BB8D14D2-B77F-4B3D-88E5-B42C647F0948}.Debug|Any CPU.Build.0 = Debug|Any CPU
		{BB8D14D2-B77F-4B3D-88E5-B42C647F0948}.Release|Any CPU.ActiveCfg = Release|Any CPU
		{BB8D14D2-B77F-4B3D-88E5-B42C647F0948}.Release|Any CPU.Build.0 = Release|Any CPU
	EndGlobalSection
	GlobalSection(SolutionProperties) = preSolution
		HideSolutionNode = FALSE
	EndGlobalSection
	GlobalSection(ExtensibilityGlobals) = postSolution
		SolutionGuid = {749BC86B-8C50-4F58-88D7-74352716D559}
	EndGlobalSection
EndGlobal
